
Microsoft Visual Studio Solution File, Format Version 12.00
# Visual Studio Version 17
VisualStudioVersion = 17.6.33712.159
MinimumVisualStudioVersion = 10.0.40219.1
Project("{FAE04EC0-301F-11D3-BF4B-00C04F79EFBC}") = "calculator", "calculator\calculator.csproj", "{E926A121-33B3-4219-98FC-601ACEB77271}"
EndProject
Global
	GlobalSection(SolutionConfigurationPlatforms) = preSolution
		Debug|Any CPU = Debug|Any CPU
		Release|Any CPU = Release|Any CPU
	EndGlobalSection
	GlobalSection(ProjectConfigurationPlatforms) = postSolution
		{E926A121-33B3-4219-98FC-601ACEB77271}.Debug|Any CPU.ActiveCfg = Debug|Any CPU
		{E926A121-33B3-4219-98FC-601ACEB77271}.Debug|Any CPU.Build.0 = Debug|Any CPU
		{E926A121-33B3-4219-98FC-601ACEB77271}.Release|Any CPU.ActiveCfg = Release|Any CPU
		{E926A121-33B3-4219-98FC-601ACEB77271}.Release|Any CPU.Build.0 = Release|Any CPU
	EndGlobalSection
	GlobalSection(SolutionProperties) = preSolution
		HideSolutionNode = FALSE
	EndGlobalSection
	GlobalSection(ExtensibilityGlobals) = postSolution
		SolutionGuid = {9C4B8C63-99B6-4E2F-85C5-F9CD60A2617E}
	EndGlobalSection
EndGlobal
